PODS:
  - RxSwift (5.0.0)
  - Waaatcher/Core (0.1.2)
  - Waaatcher/Rx (0.1.2):
    - RxSwift (~> 5.0)
    - Waaatcher/Core

DEPENDENCIES:
  - Waaatcher/Core (from `../`)
  - Waaatcher/Rx (from `../`)

SPEC REPOS:
  https://github.com/cocoapods/specs.git:
    - RxSwift

EXTERNAL SOURCES:
  Waaatcher:
    :path: "../"

SPEC CHECKSUMS:
  RxSwift: 8b0671caa829a763bbce7271095859121cbd895f
  Waaatcher: 5d125b974997f9b1c84b92508cd7d63eaf888311

PODFILE CHECKSUM: 9fe1045df5d8088f1429971cfdbc2d55e05aa291

COCOAPODS: 1.6.1
