// !$*UTF8*$!
{
	archiveVersion = 1;
	classes = {
	};
	objectVersion = 50;
	objects = {

/* Begin PBXBuildFile section */
		480AA19954617B6F6155FB6E /* libPods-WaaatcherDemo.a in Frameworks */ = {isa = PBXBuildFile; fileRef = D223E88EB85FB51223FA577A /* libPods-WaaatcherDemo.a */; };
		7441C0A1225B7F2200366DBA /* AppDelegate.swift in Sources */ = {isa = PBXBuildFile; fileRef = 7441C0A0225B7F2200366DBA /* AppDelegate.swift */; };
		7441C0A3225B7F2200366DBA /* ViewController.swift in Sources */ = {isa = PBXBuildFile; fileRef = 7441C0A2225B7F2200366DBA /* ViewController.swift */; };
		7441C0A5225B7F2300366DBA /* Assets.xcassets in Resources */ = {isa = PBXBuildFile; fileRef = 7441C0A4225B7F2300366DBA /* Assets.xcassets */; };
		7441C0A8225B7F2300366DBA /* Main.storyboard in Resources */ = {isa = PBXBuildFile; fileRef = 7441C0A6225B7F2300366DBA /* Main.storyboard */; };
/* End PBXBuildFile section */

/* Begin PBXFileReference section */
		7441C09D225B7F2200366DBA /* WaaatcherDemo.app */ = {isa = PBXFileReference; explicitFileType = wrapper.application; includeInIndex = 0; path = WaaatcherDemo.app; sourceTree = BUILT_PRODUCTS_DIR; };
		7441C0A0225B7F2200366DBA /* AppDelegate.swift */ = {isa = PBXFileReference; lastKnownFileType = sourcecode.swift; path = AppDelegate.swift; sourceTree = "<group>"; };
		7441C0A2225B7F2200366DBA /* ViewController.swift */ = {isa = PBXFileReference; lastKnownFileType = sourcecode.swift; path = ViewController.swift; sourceTree = "<group>"; };
		7441C0A4225B7F2300366DBA /* Assets.xcassets */ = {isa = PBXFileReference; lastKnownFileType = folder.assetcatalog; path = Assets.xcassets; sourceTree = "<group>"; };
		7441C0A7225B7F2300366DBA /* Base */ = {isa = PBXFileReference; lastKnownFileType = file.storyboard; name = Base; path = Base.lproj/Main.storyboard; sourceTree = "<group>"; };
		7441C0A9225B7F2300366DBA /* Info.plist */ = {isa = PBXFileReference; lastKnownFileType = text.plist.xml; path = Info.plist; sourceTree = "<group>"; };
		7441C0AA225B7F2300366DBA /* WaaatcherDemo.entitlements */ = {isa = PBXFileReference; lastKnownFileType = text.plist.entitlements; path = WaaatcherDemo.entitlements; sourceTree = "<group>"; };
		B758D88A90012C66AD5B35DC /* Pods-WaaatcherDemo.release.xcconfig */ = {isa = PBXFileReference; includeInIndex = 1; lastKnownFileType = text.xcconfig; name = "Pods-WaaatcherDemo.release.xcconfig"; path = "Target Support Files/Pods-WaaatcherDemo/Pods-WaaatcherDemo.release.xcconfig"; sourceTree = "<group>"; };
		D223E88EB85FB51223FA577A /* libPods-WaaatcherDemo.a */ = {isa = PBXFileReference; explicitFileType = archive.ar; includeInIndex = 0; path = "libPods-WaaatcherDemo.a"; sourceTree = BUILT_PRODUCTS_DIR; };
		EE43A29BB5C9FF009D410FBF /* Pods-WaaatcherDemo.debug.xcconfig */ = {isa = PBXFileReference; includeInIndex = 1; lastKnownFileType = text.xcconfig; name = "Pods-WaaatcherDemo.debug.xcconfig"; path = "Target Support Files/Pods-WaaatcherDemo/Pods-WaaatcherDemo.debug.xcconfig"; sourceTree = "<group>"; };
/* End PBXFileReference section */

/* Begin PBXFrameworksBuildPhase section */
		7441C09A225B7F2200366DBA /* Frameworks */ = {
			isa = PBXFrameworksBuildPhase;
			buildActionMask = 2147483647;
			files = (
				480AA19954617B6F6155FB6E /* libPods-WaaatcherDemo.a in Frameworks */,
			);
			runOnlyForDeploymentPostprocessing = 0;
		};
/* End PBXFrameworksBuildPhase section */

/* Begin PBXGroup section */
		48CF123161E96D26EE6E6262 /* Pods */ = {
			isa = PBXGroup;
			children = (
				EE43A29BB5C9FF009D410FBF /* Pods-WaaatcherDemo.debug.xcconfig */,
				B758D88A90012C66AD5B35DC /* Pods-WaaatcherDemo.release.xcconfig */,
			);
			path = Pods;
			sourceTree = "<group>";
		};
		4C0E93710E5CF62A9D353470 /* Frameworks */ = {
			isa = PBXGroup;
			children = (
				D223E88EB85FB51223FA577A /* libPods-WaaatcherDemo.a */,
			);
			name = Frameworks;
			sourceTree = "<group>";
		};
		7441C094225B7F2200366DBA = {
			isa = PBXGroup;
			children = (
				7441C09F225B7F2200366DBA /* WaaatcherDemo */,
				7441C09E225B7F2200366DBA /* Products */,
				48CF123161E96D26EE6E6262 /* Pods */,
				4C0E93710E5CF62A9D353470 /* Frameworks */,
			);
			sourceTree = "<group>";
		};
		7441C09E225B7F2200366DBA /* Products */ = {
			isa = PBXGroup;
			children = (
				7441C09D225B7F2200366DBA /* WaaatcherDemo.app */,
			);
			name = Products;
			sourceTree = "<group>";
		};
		7441C09F225B7F2200366DBA /* WaaatcherDemo */ = {
			isa = PBXGroup;
			children = (
				7441C0A0225B7F2200366DBA /* AppDelegate.swift */,
				7441C0A2225B7F2200366DBA /* ViewController.swift */,
				7441C0A4225B7F2300366DBA /* Assets.xcassets */,
				7441C0A6225B7F2300366DBA /* Main.storyboard */,
				7441C0A9225B7F2300366DBA /* Info.plist */,
				7441C0AA225B7F2300366DBA /* WaaatcherDemo.entitlements */,
			);
			path = WaaatcherDemo;
			sourceTree = "<group>";
		};
/* End PBXGroup section */

/* Begin PBXNativeTarget section */
		7441C09C225B7F2200366DBA /* WaaatcherDemo */ = {
			isa = PBXNativeTarget;
			buildConfigurationList = 7441C0AD225B7F2300366DBA /* Build configuration list for PBXNativeTarget "WaaatcherDemo" */;
			buildPhases = (
				C64130AC65A6306EA7E0195E /* [CP] Check Pods Manifest.lock */,
				7441C099225B7F2200366DBA /* Sources */,
				7441C09A225B7F2200366DBA /* Frameworks */,
				7441C09B225B7F2200366DBA /* Resources */,
			);
			buildRules = (
			);
			dependencies = (
			);
			name = WaaatcherDemo;
			productName = WaaatcherDemo;
			productReference = 7441C09D225B7F2200366DBA /* WaaatcherDemo.app */;
			productType = "com.apple.product-type.application";
		};
/* End PBXNativeTarget section */

/* Begin PBXProject section */
		7441C095225B7F2200366DBA /* Project object */ = {
			isa = PBXProject;
			attributes = {
				LastSwiftUpdateCheck = 1020;
				LastUpgradeCheck = 1020;
				ORGANIZATIONNAME = "chen he";
				TargetAttributes = {
					7441C09C225B7F2200366DBA = {
						CreatedOnToolsVersion = 10.2;
					};
				};
			};
			buildConfigurationList = 7441C098225B7F2200366DBA /* Build configuration list for PBXProject "WaaatcherDemo" */;
			compatibilityVersion = "Xcode 9.3";
			developmentRegion = en;
			hasScannedForEncodings = 0;
			knownRegions = (
				en,
				Base,
			);
			mainGroup = 7441C094225B7F2200366DBA;
			productRefGroup = 7441C09E225B7F2200366DBA /* Products */;
			projectDirPath = "";
			projectRoot = "";
			targets = (
				7441C09C225B7F2200366DBA /* WaaatcherDemo */,
			);
		};
/* End PBXProject section */

/* Begin PBXResourcesBuildPhase section */
		7441C09B225B7F2200366DBA /* Resources */ = {
			isa = PBXResourcesBuildPhase;
			buildActionMask = 2147483647;
			files = (
				7441C0A5225B7F2300366DBA /* Assets.xcassets in Resources */,
				7441C0A8225B7F2300366DBA /* Main.storyboard in Resources */,
			);
			runOnlyForDeploymentPostprocessing = 0;
		};
/* End PBXResourcesBuildPhase section */

/* Begin PBXShellScriptBuildPhase section */
		C64130AC65A6306EA7E0195E /* [CP] Check Pods Manifest.lock */ = {
			isa = PBXShellScriptBuildPhase;
			buildActionMask = 2147483647;
			files = (
			);
			inputFileListPaths = (
			);
			inputPaths = (
				"${PODS_PODFILE_DIR_PATH}/Podfile.lock",
				"${PODS_ROOT}/Manifest.lock",
			);
			name = "[CP] Check Pods Manifest.lock";
			outputFileListPaths = (
			);
			outputPaths = (
				"$(DERIVED_FILE_DIR)/Pods-WaaatcherDemo-checkManifestLockResult.txt",
			);
			runOnlyForDeploymentPostprocessing = 0;
			shellPath = /bin/sh;
			shellScript = "diff \"${PODS_PODFILE_DIR_PATH}/Podfile.lock\" \"${PODS_ROOT}/Manifest.lock\" > /dev/null\nif [ $? != 0 ] ; then\n    # print error to STDERR\n    echo \"error: The sandbox is not in sync with the Podfile.lock. Run 'pod install' or update your CocoaPods installation.\" >&2\n    exit 1\nfi\n# This output is used by Xcode 'outputs' to avoid re-running this script phase.\necho \"SUCCESS\" > \"${SCRIPT_OUTPUT_FILE_0}\"\n";
			showEnvVarsInLog = 0;
		};
/* End PBXShellScriptBuildPhase section */

/* Begin PBXSourcesBuildPhase section */
		7441C099225B7F2200366DBA /* Sources */ = {
			isa = PBXSourcesBuildPhase;
			buildActionMask = 2147483647;
			files = (
				7441C0A3225B7F2200366DBA /* ViewController.swift in Sources */,
				7441C0A1225B7F2200366DBA /* AppDelegate.swift in Sources */,
			);
			runOnlyForDeploymentPostprocessing = 0;
		};
/* End PBXSourcesBuildPhase section */

/* Begin PBXVariantGroup section */
		7441C0A6225B7F2300366DBA /* Main.storyboard */ = {
			isa = PBXVariantGroup;
			children = (
				7441C0A7225B7F2300366DBA /* Base */,
			);
			name = Main.storyboard;
			sourceTree = "<group>";
		};
/* End PBXVariantGroup section */

/* Begin XCBuildConfiguration section */
		7441C0AB225B7F2300366DBA /* Debug */ = {
			isa = XCBuildConfiguration;
			buildSettings = {
				ALWAYS_SEARCH_USER_PATHS = NO;
				CLANG_ANALYZER_NONNULL = YES;
				CLANG_ANALYZER_NUMBER_OBJECT_CONVERSION = YES_AGGRESSIVE;
				CLANG_CXX_LANGUAGE_STANDARD = "gnu++14";
				CLANG_CXX_LIBRARY = "libc++";
				CLANG_ENABLE_MODULES = YES;
				CLANG_ENABLE_OBJC_ARC = YES;
				CLANG_ENABLE_OBJC_WEAK = YES;
				CLANG_WARN_BLOCK_CAPTURE_AUTORELEASING = YES;
				CLANG_WARN_BOOL_CONVERSION = YES;
				CLANG_WARN_COMMA = YES;
				CLANG_WARN_CONSTANT_CONVERSION = YES;
				CLANG_WARN_DEPRECATED_OBJC_IMPLEMENTATIONS = YES;
				CLANG_WARN_DIRECT_OBJC_ISA_USAGE = YES_ERROR;
				CLANG_WARN_DOCUMENTATION_COMMENTS = YES;
				CLANG_WARN_EMPTY_BODY = YES;
				CLANG_WARN_ENUM_CONVERSION = YES;
				CLANG_WARN_INFINITE_RECURSION = YES;
				CLANG_WARN_INT_CONVERSION = YES;
				CLANG_WARN_NON_LITERAL_NULL_CONVERSION = YES;
				CLANG_WARN_OBJC_IMPLICIT_RETAIN_SELF = YES;
				CLANG_WARN_OBJC_LITERAL_CONVERSION = YES;
				CLANG_WARN_OBJC_ROOT_CLASS = YES_ERROR;
				CLANG_WARN_RANGE_LOOP_ANALYSIS = YES;
				CLANG_WARN_STRICT_PROTOTYPES = YES;
				CLANG_WARN_SUSPICIOUS_MOVE = YES;
				CLANG_WARN_UNGUARDED_AVAILABILITY = YES_AGGRESSIVE;
				CLANG_WARN_UNREACHABLE_CODE = YES;
				CLANG_WARN__DUPLICATE_METHOD_MATCH = YES;
				CODE_SIGN_IDENTITY = "-";
				COPY_PHASE_STRIP = NO;
				DEBUG_INFORMATION_FORMAT = dwarf;
				ENABLE_STRICT_OBJC_MSGSEND = YES;
				ENABLE_TESTABILITY = YES;
				GCC_C_LANGUAGE_STANDARD = gnu11;
				GCC_DYNAMIC_NO_PIC = NO;
				GCC_NO_COMMON_BLOCKS = YES;
				GCC_OPTIMIZATION_LEVEL = 0;
				GCC_PREPROCESSOR_DEFINITIONS = (
					"DEBUG=1",
					"$(inherited)",
				);
				GCC_WARN_64_TO_32_BIT_CONVERSION = YES;
				GCC_WARN_ABOUT_RETURN_TYPE = YES_ERROR;
				GCC_WARN_UNDECLARED_SELECTOR = YES;
				GCC_WARN_UNINITIALIZED_AUTOS = YES_AGGRESSIVE;
				GCC_WARN_UNUSED_FUNCTION = YES;
				GCC_WARN_UNUSED_VARIABLE = YES;
				MACOSX_DEPLOYMENT_TARGET = 10.10;
				MTL_ENABLE_DEBUG_INFO = INCLUDE_SOURCE;
				MTL_FAST_MATH = YES;
				ONLY_ACTIVE_ARCH = YES;
				SDKROOT = macosx;
				SWIFT_ACTIVE_COMPILATION_CONDITIONS = DEBUG;
				SWIFT_OPTIMIZATION_LEVEL = "-Onone";
				SWIFT_VERSION = 4.2;
			};
			name = Debug;
		};
		7441C0AC225B7F2300366DBA /* Release */ = {
			isa = XCBuildConfiguration;
			buildSettings = {
				ALWAYS_SEARCH_USER_PATHS = NO;
				CLANG_ANALYZER_NONNULL = YES;
				CLANG_ANALYZER_NUMBER_OBJECT_CONVERSION = YES_AGGRESSIVE;
				CLANG_CXX_LANGUAGE_STANDARD = "gnu++14";
				CLANG_CXX_LIBRARY = "libc++";
				CLANG_ENABLE_MODULES = YES;
				CLANG_ENABLE_OBJC_ARC = YES;
				CLANG_ENABLE_OBJC_WEAK = YES;
				CLANG_WARN_BLOCK_CAPTURE_AUTORELEASING = YES;
				CLANG_WARN_BOOL_CONVERSION = YES;
				CLANG_WARN_COMMA = YES;
				CLANG_WARN_CONSTANT_CONVERSION = YES;
				CLANG_WARN_DEPRECATED_OBJC_IMPLEMENTATIONS = YES;
				CLANG_WARN_DIRECT_OBJC_ISA_USAGE = YES_ERROR;
				CLANG_WARN_DOCUMENTATION_COMMENTS = YES;
				CLANG_WARN_EMPTY_BODY = YES;
				CLANG_WARN_ENUM_CONVERSION = YES;
				CLANG_WARN_INFINITE_RECURSION = YES;
				CLANG_WARN_INT_CONVERSION = YES;
				CLANG_WARN_NON_LITERAL_NULL_CONVERSION = YES;
				CLANG_WARN_OBJC_IMPLICIT_RETAIN_SELF = YES;
				CLANG_WARN_OBJC_LITERAL_CONVERSION = YES;
				CLANG_WARN_OBJC_ROOT_CLASS = YES_ERROR;
				CLANG_WARN_RANGE_LOOP_ANALYSIS = YES;
				CLANG_WARN_STRICT_PROTOTYPES = YES;
				CLANG_WARN_SUSPICIOUS_MOVE = YES;
				CLANG_WARN_UNGUARDED_AVAILABILITY = YES_AGGRESSIVE;
				CLANG_WARN_UNREACHABLE_CODE = YES;
				CLANG_WARN__DUPLICATE_METHOD_MATCH = YES;
				CODE_SIGN_IDENTITY = "-";
				COPY_PHASE_STRIP = NO;
				DEBUG_INFORMATION_FORMAT = "dwarf-with-dsym";
				ENABLE_NS_ASSERTIONS = NO;
				ENABLE_STRICT_OBJC_MSGSEND = YES;
				GCC_C_LANGUAGE_STANDARD = gnu11;
				GCC_NO_COMMON_BLOCKS = YES;
				GCC_WARN_64_TO_32_BIT_CONVERSION = YES;
				GCC_WARN_ABOUT_RETURN_TYPE = YES_ERROR;
				GCC_WARN_UNDECLARED_SELECTOR = YES;
				GCC_WARN_UNINITIALIZED_AUTOS = YES_AGGRESSIVE;
				GCC_WARN_UNUSED_FUNCTION = YES;
				GCC_WARN_UNUSED_VARIABLE = YES;
				MACOSX_DEPLOYMENT_TARGET = 10.10;
				MTL_ENABLE_DEBUG_INFO = NO;
				MTL_FAST_MATH = YES;
				SDKROOT = macosx;
				SWIFT_COMPILATION_MODE = wholemodule;
				SWIFT_OPTIMIZATION_LEVEL = "-O";
				SWIFT_VERSION = 4.2;
			};
			name = Release;
		};
		7441C0AE225B7F2300366DBA /* Debug */ = {
			isa = XCBuildConfiguration;
			baseConfigurationReference = EE43A29BB5C9FF009D410FBF /* Pods-WaaatcherDemo.debug.xcconfig */;
			buildSettings = {
				ASSETCATALOG_COMPILER_APPICON_NAME = AppIcon;
				CODE_SIGN_ENTITLEMENTS = WaaatcherDemo/WaaatcherDemo.entitlements;
				CODE_SIGN_STYLE = Automatic;
				COMBINE_HIDPI_IMAGES = YES;
				DEVELOPMENT_TEAM = NM8T9PQ2C4;
				INFOPLIST_FILE = WaaatcherDemo/Info.plist;
				LD_RUNPATH_SEARCH_PATHS = (
					"$(inherited)",
					"@executable_path/../Frameworks",
				);
				MACOSX_DEPLOYMENT_TARGET = 10.10;
				PRODUCT_BUNDLE_IDENTIFIER = app.chen.osx.WaaatcherDemo;
				PRODUCT_NAME = "$(TARGET_NAME)";
				SWIFT_VERSION = 4.2;
			};
			name = Debug;
		};
		7441C0AF225B7F2300366DBA /* Release */ = {
			isa = XCBuildConfiguration;
			baseConfigurationReference = B758D88A90012C66AD5B35DC /* Pods-WaaatcherDemo.release.xcconfig */;
			buildSettings = {
				ASSETCATALOG_COMPILER_APPICON_NAME = AppIcon;
				CODE_SIGN_ENTITLEMENTS = WaaatcherDemo/WaaatcherDemo.entitlements;
				CODE_SIGN_STYLE = Automatic;
				COMBINE_HIDPI_IMAGES = YES;
				DEVELOPMENT_TEAM = NM8T9PQ2C4;
				INFOPLIST_FILE = WaaatcherDemo/Info.plist;
				LD_RUNPATH_SEARCH_PATHS = (
					"$(inherited)",
					"@executable_path/../Frameworks",
				);
				MACOSX_DEPLOYMENT_TARGET = 10.10;
				PRODUCT_BUNDLE_IDENTIFIER = app.chen.osx.WaaatcherDemo;
				PRODUCT_NAME = "$(TARGET_NAME)";
				SWIFT_VERSION = 4.2;
			};
			name = Release;
		};
/* End XCBuildConfiguration section */

/* Begin XCConfigurationList section */
		7441C098225B7F2200366DBA /* Build configuration list for PBXProject "WaaatcherDemo" */ = {
			isa = XCConfigurationList;
			buildConfigurations = (
				7441C0AB225B7F2300366DBA /* Debug */,
				7441C0AC225B7F2300366DBA /* Release */,
			);
			defaultConfigurationIsVisible = 0;
			defaultConfigurationName = Release;
		};
		7441C0AD225B7F2300366DBA /* Build configuration list for PBXNativeTarget "WaaatcherDemo" */ = {
			isa = XCConfigurationList;
			buildConfigurations = (
				7441C0AE225B7F2300366DBA /* Debug */,
				7441C0AF225B7F2300366DBA /* Release */,
			);
			defaultConfigurationIsVisible = 0;
			defaultConfigurationName = Release;
		};
/* End XCConfigurationList section */
	};
	rootObject = 7441C095225B7F2200366DBA /* Project object */;
}
